
Microsoft Visual Studio Solution File, Format Version 12.00
# Visual Studio Version 17
VisualStudioVersion = 17.2.32630.192
MinimumVisualStudioVersion = 10.0.40219.1
Project("{FAE04EC0-301F-11D3-BF4B-00C04F79EFBC}") = "SocketClientALPR", "SocketClientALPR\SocketClientALPR.csproj", "{E5227085-0926-4155-84C7-F91D10C6C724}"
EndProject
Global
	GlobalSection(SolutionConfigurationPlatforms) = preSolution
		Debug|Any CPU = Debug|Any CPU
		Release|Any CPU = Release|Any CPU
	EndGlobalSection
	GlobalSection(ProjectConfigurationPlatforms) = postSolution
		{E5227085-0926-4155-84C7-F91D10C6C724}.Debug|Any CPU.ActiveCfg = Debug|Any CPU
		{E5227085-0926-4155-84C7-F91D10C6C724}.Debug|Any CPU.Build.0 = Debug|Any CPU
		{E5227085-0926-4155-84C7-F91D10C6C724}.Release|Any CPU.ActiveCfg = Release|Any CPU
		{E5227085-0926-4155-84C7-F91D10C6C724}.Release|Any CPU.Build.0 = Release|Any CPU
	EndGlobalSection
	GlobalSection(SolutionProperties) = preSolution
		HideSolutionNode = FALSE
	EndGlobalSection
	GlobalSection(ExtensibilityGlobals) = postSolution
		SolutionGuid = {4A25003F-0A26-4F35-B546-280045D97DA8}
	EndGlobalSection
EndGlobal
